schema: '2.0'
stages:
  train:
    cmd: python train.py
    deps:
    - path: data
      hash: md5
      md5: 3d49d4f9f9fd98942f34a94479e98b22.dir
      size: 52504425
      nfiles: 2300
    - path: train.py
      hash: md5
      md5: 2f7f90eb28031a8d44eaa8b8600e8a85
      size: 5238
    outs:
    - path: bottleneck_features_train.npy
      hash: md5
      md5: ec733e931b660ec0b709b27d060da61f
      size: 49152128
    - path: bottleneck_features_validation.npy
      hash: md5
      md5: d02b34bf88d10a8a000481fc76bb46e4
      size: 26214528
    - path: metrics.csv
      hash: md5
      md5: e91c4a851a773e0b698de530da485e23
      size: 838
    - path: model.weights.h5
      hash: md5
      md5: 7c02831252b2b3d6981a12a088a9c903
      size: 16803488
  prepare:
    cmd: python prepare.py
    deps:
    - path: prepare.py
      hash: md5
      md5: e031759944e45266fbabe8393fd2aad6
      size: 1760
    - path: raw_data/
      hash: md5
      md5: da406ab8dfbf619ed7685ac650d420ad.dir
      size: 52504425
      nfiles: 2300
    outs:
    - path: data/
      hash: md5
      md5: 3d49d4f9f9fd98942f34a94479e98b22.dir
      size: 52504425
      nfiles: 2300
