schema: '2.0'
stages:
  train:
    cmd: python train.py
    deps:
    - path: data
      hash: md5
      md5: 21060888834f7220846d1c6f6c04e649.dir
      size: 64128504
      nfiles: 2800
    - path: train.py
      hash: md5
      md5: 535177d99dffee65f0809f1e204ad16f
      size: 5292
    outs:
    - path: bottleneck_features_train.npy
      hash: md5
      md5: 529f74322075d87c14ebe8e022c856f1
      size: 65536128
    - path: bottleneck_features_validation.npy
      hash: md5
      md5: 86f92e0f424a344528e80199e552c348
      size: 26214528
    - path: metrics.csv
      hash: md5
      md5: 202e6dee7cf6d864834848430e60dedb
      size: 836
    - path: model.weights.h5
      hash: md5
      md5: 40d6727328f0a5a1ff35931fe76717a1
      size: 16803488
  prepare:
    cmd: python prepare.py
    deps:
    - path: prepare.py
      hash: md5
      md5: e031759944e45266fbabe8393fd2aad6
      size: 1760
    - path: raw_data/
      hash: md5
      md5: 41bdccf445a501f4787731db37834072.dir
      size: 64128504
      nfiles: 2800
    outs:
    - path: data/
      hash: md5
      md5: 4d4aaeb85974d072902eec7a0e19194a.dir
      size: 64128504
      nfiles: 2800
